
Microsoft Visual Studio Solution File, Format Version 12.00
# Visual Studio Version 16
VisualStudioVersion = 16.0.31624.102
MinimumVisualStudioVersion = 10.0.40219.1
Project("{FAE04EC0-301F-11D3-BF4B-00C04F79EFBC}") = "progressbar", "progressbar.csproj", "{2F67F992-444B-4814-90CC-9BAECFBE25A1}"
EndProject
Global
	GlobalSection(SolutionConfigurationPlatforms) = preSolution
		Debug|Any CPU = Debug|Any CPU
		Release|Any CPU = Release|Any CPU
	EndGlobalSection
	GlobalSection(ProjectConfigurationPlatforms) = postSolution
		{2F67F992-444B-4814-90CC-9BAECFBE25A1}.Debug|Any CPU.ActiveCfg = Debug|Any CPU
		{2F67F992-444B-4814-90CC-9BAECFBE25A1}.Debug|Any CPU.Build.0 = Debug|Any CPU
		{2F67F992-444B-4814-90CC-9BAECFBE25A1}.Release|Any CPU.ActiveCfg = Release|Any CPU
		{2F67F992-444B-4814-90CC-9BAECFBE25A1}.Release|Any CPU.Build.0 = Release|Any CPU
	EndGlobalSection
	GlobalSection(SolutionProperties) = preSolution
		HideSolutionNode = FALSE
	EndGlobalSection
	GlobalSection(ExtensibilityGlobals) = postSolution
		SolutionGuid = {8050773A-3EFE-4C7A-964F-4999C018C9C8}
	EndGlobalSection
EndGlobal
